# THIS IS AN AUTOGENERATED FILE. DO NOT EDIT THIS FILE DIRECTLY.
# yarn lockfile v1


heroicons@^2.1.5:
  version "2.1.5"
  resolved "https://registry.yarnpkg.com/heroicons/-/heroicons-2.1.5.tgz#74664e5b06b7c5cfbe1f7e3d25ce51ee1a6f5b76"
  integrity sha512-XLq3m45bJphmWdR6im52alaYajp0/fluJa2+7xh3x7CgItumbLsjhKYe+mCf0lErXLy7ZyiEgKIty2gFNxhoyA==
